
Microsoft Visual Studio Solution File, Format Version 12.00
# Visual Studio Version 17
VisualStudioVersion = 17.6.33829.357
MinimumVisualStudioVersion = 10.0.40219.1
Project("{FAE04EC0-301F-11D3-BF4B-00C04F79EFBC}") = "VNVC_Jackpot", "VNVC_Jackpot.csproj", "{DF19CFC0-1C9D-46D6-8C5B-4C7DA688D15D}"
EndProject
Global
	GlobalSection(SolutionConfigurationPlatforms) = preSolution
		Debug|Any CPU = Debug|Any CPU
		Release|Any CPU = Release|Any CPU
	EndGlobalSection
	GlobalSection(ProjectConfigurationPlatforms) = postSolution
		{DF19CFC0-1C9D-46D6-8C5B-4C7DA688D15D}.Debug|Any CPU.ActiveCfg = Debug|Any CPU
		{DF19CFC0-1C9D-46D6-8C5B-4C7DA688D15D}.Debug|Any CPU.Build.0 = Debug|Any CPU
		{DF19CFC0-1C9D-46D6-8C5B-4C7DA688D15D}.Release|Any CPU.ActiveCfg = Release|Any CPU
		{DF19CFC0-1C9D-46D6-8C5B-4C7DA688D15D}.Release|Any CPU.Build.0 = Release|Any CPU
	EndGlobalSection
	GlobalSection(SolutionProperties) = preSolution
		HideSolutionNode = FALSE
	EndGlobalSection
	GlobalSection(ExtensibilityGlobals) = postSolution
		SolutionGuid = {C520EE61-389D-4079-9C60-570E6D50DEA0}
	EndGlobalSection
EndGlobal
